
Microsoft Visual Studio Solution File, Format Version 12.00
# Visual Studio 15
VisualStudioVersion = 15.0.28010.2016
MinimumVisualStudioVersion = 10.0.40219.1
Project("{FAE04EC0-301F-11D3-BF4B-00C04F79EFBC}") = "CalculatorService", "CalculatorService\CalculatorService.csproj", "{38BAA38B-C99D-4125-809A-79530781FD3E}"
EndProject
Project("{FAE04EC0-301F-11D3-BF4B-00C04F79EFBC}") = "CalculatorClient", "CalculatorClient\CalculatorClient.csproj", "{897BFCDE-2F22-496E-B205-85681C33E377}"
	ProjectSection(ProjectDependencies) = postProject
		{38BAA38B-C99D-4125-809A-79530781FD3E} = {38BAA38B-C99D-4125-809A-79530781FD3E}
	EndProjectSection
EndProject
Global
	GlobalSection(SolutionConfigurationPlatforms) = preSolution
		Debug|Any CPU = Debug|Any CPU
		Release|Any CPU = Release|Any CPU
	EndGlobalSection
	GlobalSection(ProjectConfigurationPlatforms) = postSolution
		{38BAA38B-C99D-4125-809A-79530781FD3E}.Debug|Any CPU.ActiveCfg = Debug|Any CPU
		{38BAA38B-C99D-4125-809A-79530781FD3E}.Debug|Any CPU.Build.0 = Debug|Any CPU
		{38BAA38B-C99D-4125-809A-79530781FD3E}.Release|Any CPU.ActiveCfg = Release|Any CPU
		{38BAA38B-C99D-4125-809A-79530781FD3E}.Release|Any CPU.Build.0 = Release|Any CPU
		{897BFCDE-2F22-496E-B205-85681C33E377}.Debug|Any CPU.ActiveCfg = Debug|Any CPU
		{897BFCDE-2F22-496E-B205-85681C33E377}.Debug|Any CPU.Build.0 = Debug|Any CPU
		{897BFCDE-2F22-496E-B205-85681C33E377}.Release|Any CPU.ActiveCfg = Release|Any CPU
		{897BFCDE-2F22-496E-B205-85681C33E377}.Release|Any CPU.Build.0 = Release|Any CPU
	EndGlobalSection
	GlobalSection(SolutionProperties) = preSolution
		HideSolutionNode = FALSE
	EndGlobalSection
	GlobalSection(ExtensibilityGlobals) = postSolution
		SolutionGuid = {3104EAF9-AA12-4480-A604-638F128922FB}
	EndGlobalSection
EndGlobal
